# This file was autogenerated by Stack.
# You should not edit this file by hand.
# For more information, please see the documentation at:
#   https://docs.haskellstack.org/en/stable/lock_files

packages:
- completed:
    hackage: prettyprinter-1.7.0@sha256:6a9569e21fa61163a7f066d23d701e23e917893e8f39733d6e617ec72787ae5f,6007
    pantry-tree:
      size: 3194
      sha256: d22f820a1f63497f7fd7e1f04b7d356d92de35582258f6ad55428c88b09e63ff
  original:
    hackage: prettyprinter-1.7.0@sha256:6a9569e21fa61163a7f066d23d701e23e917893e8f39733d6e617ec72787ae5f,6007
snapshots:
- completed:
    size: 532381
    url: https://raw.githubusercontent.com/commercialhaskell/stackage-snapshots/master/lts/16/13.yaml
    sha256: 6ee17f7996e5bc75ae4406250841f1362ad4196418a4d90a0615ff4f26ac98df
  original: lts-16.13
